// !$*UTF8*$!
{
	archiveVersion = 1;
	classes = {
	};
	objectVersion = 50;
	objects = {

/* Begin PBXBuildFile section */
		D03D7133215CAB6A00579F51 /* AppDelegate.swift in Sources */ = {isa = PBXBuildFile; fileRef = D03D7132215CAB6A00579F51 /* AppDelegate.swift */; };
		D03D7135215CAB6A00579F51 /* ViewController.swift in Sources */ = {isa = PBXBuildFile; fileRef = D03D7134215CAB6A00579F51 /* ViewController.swift */; };
		D03D7138215CAB6A00579F51 /* Main.storyboard in Resources */ = {isa = PBXBuildFile; fileRef = D03D7136215CAB6A00579F51 /* Main.storyboard */; };
		D03D713B215CAB6A00579F51 /* TinderForDogs2.xcdatamodeld in Sources */ = {isa = PBXBuildFile; fileRef = D03D7139215CAB6A00579F51 /* TinderForDogs2.xcdatamodeld */; };
		D03D713D215CAB6B00579F51 /* Assets.xcassets in Resources */ = {isa = PBXBuildFile; fileRef = D03D713C215CAB6B00579F51 /* Assets.xcassets */; };
		D03D7140215CAB6B00579F51 /* LaunchScreen.storyboard in Resources */ = {isa = PBXBuildFile; fileRef = D03D713E215CAB6B00579F51 /* LaunchScreen.storyboard */; };
		D0628B38215D4E3300EC6C5A /* TinderDogModel.swift in Sources */ = {isa = PBXBuildFile; fileRef = D0628B37215D4E3300EC6C5A /* TinderDogModel.swift */; };
		D0628B3B215D732D00EC6C5A /* MessageUI.framework in Frameworks */ = {isa = PBXBuildFile; fileRef = D0628B3A215D732D00EC6C5A /* MessageUI.framework */; };
		D0F9EDC4215D96F900F3C643 /* TableViewController.swift in Sources */ = {isa = PBXBuildFile; fileRef = D0F9EDC3215D96F900F3C643 /* TableViewController.swift */; };
		D0F9EDC6215D9AE800F3C643 /* CustomCell.swift in Sources */ = {isa = PBXBuildFile; fileRef = D0F9EDC5215D9AE800F3C643 /* CustomCell.swift */; };
/* End PBXBuildFile section */

/* Begin PBXFileReference section */
		D03D712F215CAB6A00579F51 /* TinderForDogs2.app */ = {isa = PBXFileReference; explicitFileType = wrapper.application; includeInIndex = 0; path = TinderForDogs2.app; sourceTree = BUILT_PRODUCTS_DIR; };
		D03D7132215CAB6A00579F51 /* AppDelegate.swift */ = {isa = PBXFileReference; lastKnownFileType = sourcecode.swift; path = AppDelegate.swift; sourceTree = "<group>"; };
		D03D7134215CAB6A00579F51 /* ViewController.swift */ = {isa = PBXFileReference; lastKnownFileType = sourcecode.swift; path = ViewController.swift; sourceTree = "<group>"; };
		D03D7137215CAB6A00579F51 /* Base */ = {isa = PBXFileReference; lastKnownFileType = file.storyboard; name = Base; path = Base.lproj/Main.storyboard; sourceTree = "<group>"; };
		D03D713A215CAB6A00579F51 /* TinderForDogs2.xcdatamodel */ = {isa = PBXFileReference; lastKnownFileType = wrapper.xcdatamodel; path = TinderForDogs2.xcdatamodel; sourceTree = "<group>"; };
		D03D713C215CAB6B00579F51 /* Assets.xcassets */ = {isa = PBXFileReference; lastKnownFileType = folder.assetcatalog; path = Assets.xcassets; sourceTree = "<group>"; };
		D03D713F215CAB6B00579F51 /* Base */ = {isa = PBXFileReference; lastKnownFileType = file.storyboard; name = Base; path = Base.lproj/LaunchScreen.storyboard; sourceTree = "<group>"; };
		D03D7141215CAB6B00579F51 /* Info.plist */ = {isa = PBXFileReference; lastKnownFileType = text.plist.xml; path = Info.plist; sourceTree = "<group>"; };
		D0628B37215D4E3300EC6C5A /* TinderDogModel.swift */ = {isa = PBXFileReference; lastKnownFileType = sourcecode.swift; path = TinderDogModel.swift; sourceTree = "<group>"; };
		D0628B3A215D732D00EC6C5A /* MessageUI.framework */ = {isa = PBXFileReference; lastKnownFileType = wrapper.framework; name = MessageUI.framework; path = System/Library/Frameworks/MessageUI.framework; sourceTree = SDKROOT; };
		D0F9EDC3215D96F900F3C643 /* TableViewController.swift */ = {isa = PBXFileReference; lastKnownFileType = sourcecode.swift; path = TableViewController.swift; sourceTree = "<group>"; };
		D0F9EDC5215D9AE800F3C643 /* CustomCell.swift */ = {isa = PBXFileReference; lastKnownFileType = sourcecode.swift; path = CustomCell.swift; sourceTree = "<group>"; };
/* End PBXFileReference section */

/* Begin PBXFrameworksBuildPhase section */
		D03D712C215CAB6A00579F51 /* Frameworks */ = {
			isa = PBXFrameworksBuildPhase;
			buildActionMask = 2147483647;
			files = (
				D0628B3B215D732D00EC6C5A /* MessageUI.framework in Frameworks */,
			);
			runOnlyForDeploymentPostprocessing = 0;
		};
/* End PBXFrameworksBuildPhase section */

/* Begin PBXGroup section */
		D03D7126215CAB6A00579F51 = {
			isa = PBXGroup;
			children = (
				D03D7131215CAB6A00579F51 /* TinderForDogs2 */,
				D03D7130215CAB6A00579F51 /* Products */,
				D0628B39215D732D00EC6C5A /* Frameworks */,
			);
			sourceTree = "<group>";
		};
		D03D7130215CAB6A00579F51 /* Products */ = {
			isa = PBXGroup;
			children = (
				D03D712F215CAB6A00579F51 /* TinderForDogs2.app */,
			);
			name = Products;
			sourceTree = "<group>";
		};
		D03D7131215CAB6A00579F51 /* TinderForDogs2 */ = {
			isa = PBXGroup;
			children = (
				D03D7136215CAB6A00579F51 /* Main.storyboard */,
				D0F9EDC5215D9AE800F3C643 /* CustomCell.swift */,
				D0F9EDC3215D96F900F3C643 /* TableViewController.swift */,
				D03D7132215CAB6A00579F51 /* AppDelegate.swift */,
				D03D7134215CAB6A00579F51 /* ViewController.swift */,
				D0628B37215D4E3300EC6C5A /* TinderDogModel.swift */,
				D03D713C215CAB6B00579F51 /* Assets.xcassets */,
				D03D713E215CAB6B00579F51 /* LaunchScreen.storyboard */,
				D03D7141215CAB6B00579F51 /* Info.plist */,
				D03D7139215CAB6A00579F51 /* TinderForDogs2.xcdatamodeld */,
			);
			path = TinderForDogs2;
			sourceTree = "<group>";
		};
		D0628B39215D732D00EC6C5A /* Frameworks */ = {
			isa = PBXGroup;
			children = (
				D0628B3A215D732D00EC6C5A /* MessageUI.framework */,
			);
			name = Frameworks;
			sourceTree = "<group>";
		};
/* End PBXGroup section */

/* Begin PBXNativeTarget section */
		D03D712E215CAB6A00579F51 /* TinderForDogs2 */ = {
			isa = PBXNativeTarget;
			buildConfigurationList = D03D7144215CAB6B00579F51 /* Build configuration list for PBXNativeTarget "TinderForDogs2" */;
			buildPhases = (
				D03D712B215CAB6A00579F51 /* Sources */,
				D03D712C215CAB6A00579F51 /* Frameworks */,
				D03D712D215CAB6A00579F51 /* Resources */,
			);
			buildRules = (
			);
			dependencies = (
			);
			name = TinderForDogs2;
			productName = TinderForDogs2;
			productReference = D03D712F215CAB6A00579F51 /* TinderForDogs2.app */;
			productType = "com.apple.product-type.application";
		};
/* End PBXNativeTarget section */

/* Begin PBXProject section */
		D03D7127215CAB6A00579F51 /* Project object */ = {
			isa = PBXProject;
			attributes = {
				LastSwiftUpdateCheck = 0940;
				LastUpgradeCheck = 0940;
				ORGANIZATIONNAME = "Amanda Demetrio";
				TargetAttributes = {
					D03D712E215CAB6A00579F51 = {
						CreatedOnToolsVersion = 9.4.1;
					};
				};
			};
			buildConfigurationList = D03D712A215CAB6A00579F51 /* Build configuration list for PBXProject "TinderForDogs2" */;
			compatibilityVersion = "Xcode 9.3";
			developmentRegion = en;
			hasScannedForEncodings = 0;
			knownRegions = (
				en,
				Base,
			);
			mainGroup = D03D7126215CAB6A00579F51;
			productRefGroup = D03D7130215CAB6A00579F51 /* Products */;
			projectDirPath = "";
			projectRoot = "";
			targets = (
				D03D712E215CAB6A00579F51 /* TinderForDogs2 */,
			);
		};
/* End PBXProject section */

/* Begin PBXResourcesBuildPhase section */
		D03D712D215CAB6A00579F51 /* Resources */ = {
			isa = PBXResourcesBuildPhase;
			buildActionMask = 2147483647;
			files = (
				D03D7140215CAB6B00579F51 /* LaunchScreen.storyboard in Resources */,
				D03D713D215CAB6B00579F51 /* Assets.xcassets in Resources */,
				D03D7138215CAB6A00579F51 /* Main.storyboard in Resources */,
			);
			runOnlyForDeploymentPostprocessing = 0;
		};
/* End PBXResourcesBuildPhase section */

/* Begin PBXSourcesBuildPhase section */
		D03D712B215CAB6A00579F51 /* Sources */ = {
			isa = PBXSourcesBuildPhase;
			buildActionMask = 2147483647;
			files = (
				D0628B38215D4E3300EC6C5A /* TinderDogModel.swift in Sources */,
				D03D713B215CAB6A00579F51 /* TinderForDogs2.xcdatamodeld in Sources */,
				D03D7135215CAB6A00579F51 /* ViewController.swift in Sources */,
				D0F9EDC4215D96F900F3C643 /* TableViewController.swift in Sources */,
				D0F9EDC6215D9AE800F3C643 /* CustomCell.swift in Sources */,
				D03D7133215CAB6A00579F51 /* AppDelegate.swift in Sources */,
			);
			runOnlyForDeploymentPostprocessing = 0;
		};
/* End PBXSourcesBuildPhase section */

/* Begin PBXVariantGroup section */
		D03D7136215CAB6A00579F51 /* Main.storyboard */ = {
			isa = PBXVariantGroup;
			children = (
				D03D7137215CAB6A00579F51 /* Base */,
			);
			name = Main.storyboard;
			sourceTree = "<group>";
		};
		D03D713E215CAB6B00579F51 /* LaunchScreen.storyboard */ = {
			isa = PBXVariantGroup;
			children = (
				D03D713F215CAB6B00579F51 /* Base */,
			);
			name = LaunchScreen.storyboard;
			sourceTree = "<group>";
		};
/* End PBXVariantGroup section */

/* Begin XCBuildConfiguration section */
		D03D7142215CAB6B00579F51 /* Debug */ = {
			isa = XCBuildConfiguration;
			buildSettings = {
				ALWAYS_SEARCH_USER_PATHS = NO;
				CLANG_ANALYZER_NONNULL = YES;
				CLANG_ANALYZER_NUMBER_OBJECT_CONVERSION = YES_AGGRESSIVE;
				CLANG_CXX_LANGUAGE_STANDARD = "gnu++14";
				CLANG_CXX_LIBRARY = "libc++";
				CLANG_ENABLE_MODULES = YES;
				CLANG_ENABLE_OBJC_ARC = YES;
				CLANG_ENABLE_OBJC_WEAK = YES;
				CLANG_WARN_BLOCK_CAPTURE_AUTORELEASING = YES;
				CLANG_WARN_BOOL_CONVERSION = YES;
				CLANG_WARN_COMMA = YES;
				CLANG_WARN_CONSTANT_CONVERSION = YES;
				CLANG_WARN_DEPRECATED_OBJC_IMPLEMENTATIONS = YES;
				CLANG_WARN_DIRECT_OBJC_ISA_USAGE = YES_ERROR;
				CLANG_WARN_DOCUMENTATION_COMMENTS = YES;
				CLANG_WARN_EMPTY_BODY = YES;
				CLANG_WARN_ENUM_CONVERSION = YES;
				CLANG_WARN_INFINITE_RECURSION = YES;
				CLANG_WARN_INT_CONVERSION = YES;
				CLANG_WARN_NON_LITERAL_NULL_CONVERSION = YES;
				CLANG_WARN_OBJC_IMPLICIT_RETAIN_SELF = YES;
				CLANG_WARN_OBJC_LITERAL_CONVERSION = YES;
				CLANG_WARN_OBJC_ROOT_CLASS = YES_ERROR;
				CLANG_WARN_RANGE_LOOP_ANALYSIS = YES;
				CLANG_WARN_STRICT_PROTOTYPES = YES;
				CLANG_WARN_SUSPICIOUS_MOVE = YES;
				CLANG_WARN_UNGUARDED_AVAILABILITY = YES_AGGRESSIVE;
				CLANG_WARN_UNREACHABLE_CODE = YES;
				CLANG_WARN__DUPLICATE_METHOD_MATCH = YES;
				CODE_SIGN_IDENTITY = "iPhone Developer";
				COPY_PHASE_STRIP = NO;
				DEBUG_INFORMATION_FORMAT = dwarf;
				ENABLE_STRICT_OBJC_MSGSEND = YES;
				ENABLE_TESTABILITY = YES;
				GCC_C_LANGUAGE_STANDARD = gnu11;
				GCC_DYNAMIC_NO_PIC = NO;
				GCC_NO_COMMON_BLOCKS = YES;
				GCC_OPTIMIZATION_LEVEL = 0;
				GCC_PREPROCESSOR_DEFINITIONS = (
					"DEBUG=1",
					"$(inherited)",
				);
				GCC_WARN_64_TO_32_BIT_CONVERSION = YES;
				GCC_WARN_ABOUT_RETURN_TYPE = YES_ERROR;
				GCC_WARN_UNDECLARED_SELECTOR = YES;
				GCC_WARN_UNINITIALIZED_AUTOS = YES_AGGRESSIVE;
				GCC_WARN_UNUSED_FUNCTION = YES;
				GCC_WARN_UNUSED_VARIABLE = YES;
				IPHONEOS_DEPLOYMENT_TARGET = 11.4;
				MTL_ENABLE_DEBUG_INFO = YES;
				ONLY_ACTIVE_ARCH = YES;
				SDKROOT = iphoneos;
				SWIFT_ACTIVE_COMPILATION_CONDITIONS = DEBUG;
				SWIFT_OPTIMIZATION_LEVEL = "-Onone";
			};
			name = Debug;
		};
		D03D7143215CAB6B00579F51 /* Release */ = {
			isa = XCBuildConfiguration;
			buildSettings = {
				ALWAYS_SEARCH_USER_PATHS = NO;
				CLANG_ANALYZER_NONNULL = YES;
				CLANG_ANALYZER_NUMBER_OBJECT_CONVERSION = YES_AGGRESSIVE;
				CLANG_CXX_LANGUAGE_STANDARD = "gnu++14";
				CLANG_CXX_LIBRARY = "libc++";
				CLANG_ENABLE_MODULES = YES;
				CLANG_ENABLE_OBJC_ARC = YES;
				CLANG_ENABLE_OBJC_WEAK = YES;
				CLANG_WARN_BLOCK_CAPTURE_AUTORELEASING = YES;
				CLANG_WARN_BOOL_CONVERSION = YES;
				CLANG_WARN_COMMA = YES;
				CLANG_WARN_CONSTANT_CONVERSION = YES;
				CLANG_WARN_DEPRECATED_OBJC_IMPLEMENTATIONS = YES;
				CLANG_WARN_DIRECT_OBJC_ISA_USAGE = YES_ERROR;
				CLANG_WARN_DOCUMENTATION_COMMENTS = YES;
				CLANG_WARN_EMPTY_BODY = YES;
				CLANG_WARN_ENUM_CONVERSION = YES;
				CLANG_WARN_INFINITE_RECURSION = YES;
				CLANG_WARN_INT_CONVERSION = YES;
				CLANG_WARN_NON_LITERAL_NULL_CONVERSION = YES;
				CLANG_WARN_OBJC_IMPLICIT_RETAIN_SELF = YES;
				CLANG_WARN_OBJC_LITERAL_CONVERSION = YES;
				CLANG_WARN_OBJC_ROOT_CLASS = YES_ERROR;
				CLANG_WARN_RANGE_LOOP_ANALYSIS = YES;
				CLANG_WARN_STRICT_PROTOTYPES = YES;
				CLANG_WARN_SUSPICIOUS_MOVE = YES;
				CLANG_WARN_UNGUARDED_AVAILABILITY = YES_AGGRESSIVE;
				CLANG_WARN_UNREACHABLE_CODE = YES;
				CLANG_WARN__DUPLICATE_METHOD_MATCH = YES;
				CODE_SIGN_IDENTITY = "iPhone Developer";
				COPY_PHASE_STRIP = NO;
				DEBUG_INFORMATION_FORMAT = "dwarf-with-dsym";
				ENABLE_NS_ASSERTIONS = NO;
				ENABLE_STRICT_OBJC_MSGSEND = YES;
				GCC_C_LANGUAGE_STANDARD = gnu11;
				GCC_NO_COMMON_BLOCKS = YES;
				GCC_WARN_64_TO_32_BIT_CONVERSION = YES;
				GCC_WARN_ABOUT_RETURN_TYPE = YES_ERROR;
				GCC_WARN_UNDECLARED_SELECTOR = YES;
				GCC_WARN_UNINITIALIZED_AUTOS = YES_AGGRESSIVE;
				GCC_WARN_UNUSED_FUNCTION = YES;
				GCC_WARN_UNUSED_VARIABLE = YES;
				IPHONEOS_DEPLOYMENT_TARGET = 11.4;
				MTL_ENABLE_DEBUG_INFO = NO;
				SDKROOT = iphoneos;
				SWIFT_COMPILATION_MODE = wholemodule;
				SWIFT_OPTIMIZATION_LEVEL = "-O";
				VALIDATE_PRODUCT = YES;
			};
			name = Release;
		};
		D03D7145215CAB6B00579F51 /* Debug */ = {
			isa = XCBuildConfiguration;
			buildSettings = {
				ASSETCATALOG_COMPILER_APPICON_NAME = AppIcon;
				CODE_SIGN_STYLE = Automatic;
				DEVELOPMENT_TEAM = Y3JS8H9524;
				INFOPLIST_FILE = TinderForDogs2/Info.plist;
				LD_RUNPATH_SEARCH_PATHS = (
					"$(inherited)",
					"@executable_path/Frameworks",
				);
				PRODUCT_BUNDLE_IDENTIFIER = com.amandademetrio.TinderForDogs2;
				PRODUCT_NAME = "$(TARGET_NAME)";
				SWIFT_VERSION = 4.0;
				TARGETED_DEVICE_FAMILY = "1,2";
			};
			name = Debug;
		};
		D03D7146215CAB6B00579F51 /* Release */ = {
			isa = XCBuildConfiguration;
			buildSettings = {
				ASSETCATALOG_COMPILER_APPICON_NAME = AppIcon;
				CODE_SIGN_STYLE = Automatic;
				DEVELOPMENT_TEAM = Y3JS8H9524;
				INFOPLIST_FILE = TinderForDogs2/Info.plist;
				LD_RUNPATH_SEARCH_PATHS = (
					"$(inherited)",
					"@executable_path/Frameworks",
				);
				PRODUCT_BUNDLE_IDENTIFIER = com.amandademetrio.TinderForDogs2;
				PRODUCT_NAME = "$(TARGET_NAME)";
				SWIFT_VERSION = 4.0;
				TARGETED_DEVICE_FAMILY = "1,2";
			};
			name = Release;
		};
/* End XCBuildConfiguration section */

/* Begin XCConfigurationList section */
		D03D712A215CAB6A00579F51 /* Build configuration list for PBXProject "TinderForDogs2" */ = {
			isa = XCConfigurationList;
			buildConfigurations = (
				D03D7142215CAB6B00579F51 /* Debug */,
				D03D7143215CAB6B00579F51 /* Release */,
			);
			defaultConfigurationIsVisible = 0;
			defaultConfigurationName = Release;
		};
		D03D7144215CAB6B00579F51 /* Build configuration list for PBXNativeTarget "TinderForDogs2" */ = {
			isa = XCConfigurationList;
			buildConfigurations = (
				D03D7145215CAB6B00579F51 /* Debug */,
				D03D7146215CAB6B00579F51 /* Release */,
			);
			defaultConfigurationIsVisible = 0;
			defaultConfigurationName = Release;
		};
/* End XCConfigurationList section */

/* Begin XCVersionGroup section */
		D03D7139215CAB6A00579F51 /* TinderForDogs2.xcdatamodeld */ = {
			isa = XCVersionGroup;
			children = (
				D03D713A215CAB6A00579F51 /* TinderForDogs2.xcdatamodel */,
			);
			currentVersion = D03D713A215CAB6A00579F51 /* TinderForDogs2.xcdatamodel */;
			path = TinderForDogs2.xcdatamodeld;
			sourceTree = "<group>";
			versionGroupType = wrapper.xcdatamodel;
		};
/* End XCVersionGroup section */
	};
	rootObject = D03D7127215CAB6A00579F51 /* Project object */;
}
